
Microsoft Visual Studio Solution File, Format Version 12.00
# Visual Studio Version 16
VisualStudioVersion = 16.0.31702.278
MinimumVisualStudioVersion = 10.0.40219.1
Project("{9A19103F-16F7-4668-BE54-9A1E7A4F7556}") = "ASUSport", "ASUSport.csproj", "{3A5DEDCC-96B0-4E72-AAE0-626A85987DCC}"
EndProject
Global
	GlobalSection(SolutionConfigurationPlatforms) = preSolution
		Debug|Any CPU = Debug|Any CPU
		Release|Any CPU = Release|Any CPU
	EndGlobalSection
	GlobalSection(ProjectConfigurationPlatforms) = postSolution
		{3A5DEDCC-96B0-4E72-AAE0-626A85987DCC}.Debug|Any CPU.ActiveCfg = Debug|Any CPU
		{3A5DEDCC-96B0-4E72-AAE0-626A85987DCC}.Debug|Any CPU.Build.0 = Debug|Any CPU
		{3A5DEDCC-96B0-4E72-AAE0-626A85987DCC}.Release|Any CPU.ActiveCfg = Release|Any CPU
		{3A5DEDCC-96B0-4E72-AAE0-626A85987DCC}.Release|Any CPU.Build.0 = Release|Any CPU
	EndGlobalSection
	GlobalSection(SolutionProperties) = preSolution
		HideSolutionNode = FALSE
	EndGlobalSection
	GlobalSection(ExtensibilityGlobals) = postSolution
		SolutionGuid = {ACD70DAD-D9F0-442B-8653-CDC8E3DD5BE6}
	EndGlobalSection
EndGlobal
